
Microsoft Visual Studio Solution File, Format Version 12.00
# Visual Studio 15
VisualStudioVersion = 15.0.28307.1259
MinimumVisualStudioVersion = 10.0.40219.1
Project("{FAE04EC0-301F-11D3-BF4B-00C04F79EFBC}") = "ServerCodeMtk-P2-110", "ServerCodeMtk-P2-110\ServerCodeMtk-P2-110.csproj", "{E599164C-D707-489B-A3C8-9FF8C61C7195}"
EndProject
Global
	GlobalSection(SolutionConfigurationPlatforms) = preSolution
		Debug|Any CPU = Debug|Any CPU
		Release|Any CPU = Release|Any CPU
	EndGlobalSection
	GlobalSection(ProjectConfigurationPlatforms) = postSolution
		{E599164C-D707-489B-A3C8-9FF8C61C7195}.Debug|Any CPU.ActiveCfg = Debug|Any CPU
		{E599164C-D707-489B-A3C8-9FF8C61C7195}.Debug|Any CPU.Build.0 = Debug|Any CPU
		{E599164C-D707-489B-A3C8-9FF8C61C7195}.Release|Any CPU.ActiveCfg = Release|Any CPU
		{E599164C-D707-489B-A3C8-9FF8C61C7195}.Release|Any CPU.Build.0 = Release|Any CPU
	EndGlobalSection
	GlobalSection(SolutionProperties) = preSolution
		HideSolutionNode = FALSE
	EndGlobalSection
	GlobalSection(ExtensibilityGlobals) = postSolution
		SolutionGuid = {5DACEFC7-BFAC-43B3-B7DE-24E3259B4207}
	EndGlobalSection
EndGlobal
